
Microsoft Visual Studio Solution File, Format Version 12.00
# Visual Studio Version 17
VisualStudioVersion = 17.9.34607.119
MinimumVisualStudioVersion = 10.0.40219.1
Project("{FAE04EC0-301F-11D3-BF4B-00C04F79EFBC}") = "CoreAndFood", "CoreAndFood\CoreAndFood.csproj", "{3B3B9D4B-9152-4D73-A2A2-2F1DB53452F6}"
EndProject
Global
	GlobalSection(SolutionConfigurationPlatforms) = preSolution
		Debug|Any CPU = Debug|Any CPU
		Release|Any CPU = Release|Any CPU
	EndGlobalSection
	GlobalSection(ProjectConfigurationPlatforms) = postSolution
		{3B3B9D4B-9152-4D73-A2A2-2F1DB53452F6}.Debug|Any CPU.ActiveCfg = Debug|Any CPU
		{3B3B9D4B-9152-4D73-A2A2-2F1DB53452F6}.Debug|Any CPU.Build.0 = Debug|Any CPU
		{3B3B9D4B-9152-4D73-A2A2-2F1DB53452F6}.Release|Any CPU.ActiveCfg = Release|Any CPU
		{3B3B9D4B-9152-4D73-A2A2-2F1DB53452F6}.Release|Any CPU.Build.0 = Release|Any CPU
	EndGlobalSection
	GlobalSection(SolutionProperties) = preSolution
		HideSolutionNode = FALSE
	EndGlobalSection
	GlobalSection(ExtensibilityGlobals) = postSolution
		SolutionGuid = {04924E36-C089-4A9A-8F60-21D062AB4853}
	EndGlobalSection
EndGlobal
